
Microsoft Visual Studio Solution File, Format Version 12.00
# Visual Studio 15
VisualStudioVersion = 15.0.27004.2009
MinimumVisualStudioVersion = 10.0.40219.1
Project("{FAE04EC0-301F-11D3-BF4B-00C04F79EFBC}") = "Basicknowledge", "Basicknowledge\Basicknowledge.csproj", "{DCAF685F-28F3-4031-ABFD-B2FAD6927549}"
EndProject
Project("{FAE04EC0-301F-11D3-BF4B-00C04F79EFBC}") = "WcfService", "WcfService\WcfService.csproj", "{76F098A4-98B2-4972-84B8-EFE7FF57F5B0}"
EndProject
Project("{FAE04EC0-301F-11D3-BF4B-00C04F79EFBC}") = "WcfClient", "WcfClient\WcfClient.csproj", "{0E8BEDEE-470F-4A94-B097-41462E3E7727}"
EndProject
Global
	GlobalSection(SolutionConfigurationPlatforms) = preSolution
		Debug|Any CPU = Debug|Any CPU
		Release|Any CPU = Release|Any CPU
	EndGlobalSection
	GlobalSection(ProjectConfigurationPlatforms) = postSolution
		{DCAF685F-28F3-4031-ABFD-B2FAD6927549}.Debug|Any CPU.ActiveCfg = Debug|Any CPU
		{DCAF685F-28F3-4031-ABFD-B2FAD6927549}.Debug|Any CPU.Build.0 = Debug|Any CPU
		{DCAF685F-28F3-4031-ABFD-B2FAD6927549}.Release|Any CPU.ActiveCfg = Release|Any CPU
		{DCAF685F-28F3-4031-ABFD-B2FAD6927549}.Release|Any CPU.Build.0 = Release|Any CPU
		{76F098A4-98B2-4972-84B8-EFE7FF57F5B0}.Debug|Any CPU.ActiveCfg = Debug|Any CPU
		{76F098A4-98B2-4972-84B8-EFE7FF57F5B0}.Debug|Any CPU.Build.0 = Debug|Any CPU
		{76F098A4-98B2-4972-84B8-EFE7FF57F5B0}.Release|Any CPU.ActiveCfg = Release|Any CPU
		{76F098A4-98B2-4972-84B8-EFE7FF57F5B0}.Release|Any CPU.Build.0 = Release|Any CPU
		{0E8BEDEE-470F-4A94-B097-41462E3E7727}.Debug|Any CPU.ActiveCfg = Debug|Any CPU
		{0E8BEDEE-470F-4A94-B097-41462E3E7727}.Debug|Any CPU.Build.0 = Debug|Any CPU
		{0E8BEDEE-470F-4A94-B097-41462E3E7727}.Release|Any CPU.ActiveCfg = Release|Any CPU
		{0E8BEDEE-470F-4A94-B097-41462E3E7727}.Release|Any CPU.Build.0 = Release|Any CPU
	EndGlobalSection
	GlobalSection(SolutionProperties) = preSolution
		HideSolutionNode = FALSE
	EndGlobalSection
	GlobalSection(ExtensibilityGlobals) = postSolution
		SolutionGuid = {A06FDBAE-32FD-4AB4-91CF-984ABCC4E28E}
	EndGlobalSection
EndGlobal
