
Microsoft Visual Studio Solution File, Format Version 12.00
# Visual Studio 15
VisualStudioVersion = 15.0.27004.2009
MinimumVisualStudioVersion = 10.0.40219.1
Project("{FAE04EC0-301F-11D3-BF4B-00C04F79EFBC}") = "CM.NetCoreIOC", "CM.NetCoreIOC\CM.NetCoreIOC.csproj", "{572B3999-0D88-4CAB-9D48-1012DCD73C18}"
EndProject
Project("{FAE04EC0-301F-11D3-BF4B-00C04F79EFBC}") = "CM.NetCoreAutofac", "CM.NetCoreAutofac\CM.NetCoreAutofac.csproj", "{E9592DAE-4D11-470A-ADEF-63858C3756D9}"
EndProject
Global
	GlobalSection(SolutionConfigurationPlatforms) = preSolution
		Debug|Any CPU = Debug|Any CPU
		Release|Any CPU = Release|Any CPU
	EndGlobalSection
	GlobalSection(ProjectConfigurationPlatforms) = postSolution
		{572B3999-0D88-4CAB-9D48-1012DCD73C18}.Debug|Any CPU.ActiveCfg = Debug|Any CPU
		{572B3999-0D88-4CAB-9D48-1012DCD73C18}.Debug|Any CPU.Build.0 = Debug|Any CPU
		{572B3999-0D88-4CAB-9D48-1012DCD73C18}.Release|Any CPU.ActiveCfg = Release|Any CPU
		{572B3999-0D88-4CAB-9D48-1012DCD73C18}.Release|Any CPU.Build.0 = Release|Any CPU
		{E9592DAE-4D11-470A-ADEF-63858C3756D9}.Debug|Any CPU.ActiveCfg = Debug|Any CPU
		{E9592DAE-4D11-470A-ADEF-63858C3756D9}.Debug|Any CPU.Build.0 = Debug|Any CPU
		{E9592DAE-4D11-470A-ADEF-63858C3756D9}.Release|Any CPU.ActiveCfg = Release|Any CPU
		{E9592DAE-4D11-470A-ADEF-63858C3756D9}.Release|Any CPU.Build.0 = Release|Any CPU
	EndGlobalSection
	GlobalSection(SolutionProperties) = preSolution
		HideSolutionNode = FALSE
	EndGlobalSection
	GlobalSection(ExtensibilityGlobals) = postSolution
		SolutionGuid = {2F40FF8B-9E58-4547-AF74-DD2C88FCDF67}
	EndGlobalSection
EndGlobal
