
Microsoft Visual Studio Solution File, Format Version 12.00
# Visual Studio 14
VisualStudioVersion = 14.0.25123.0
MinimumVisualStudioVersion = 10.0.40219.1
Project("{FAE04EC0-301F-11D3-BF4B-00C04F79EFBC}") = "Citms.DailyStatistics", "Citms.DS\Citms.DailyStatistics.csproj", "{2C8EF700-DB89-41D7-BA97-D4646A9DC227}"
EndProject
Project("{FAE04EC0-301F-11D3-BF4B-00C04F79EFBC}") = "Citms.IllegalMonitor", "Citms.IllegalMonitor\Citms.IllegalMonitor.csproj", "{A866489F-79E7-41C4-968D-01A38BA234C4}"
EndProject
Project("{FAE04EC0-301F-11D3-BF4B-00C04F79EFBC}") = "Citms.CommonModule", "Citms.Util\Citms.CommonModule.csproj", "{4D31E161-541E-4977-958E-8C818B3C6EAF}"
EndProject
Global
	GlobalSection(SolutionConfigurationPlatforms) = preSolution
		Debug|Any CPU = Debug|Any CPU
		Release|Any CPU = Release|Any CPU
	EndGlobalSection
	GlobalSection(ProjectConfigurationPlatforms) = postSolution
		{2C8EF700-DB89-41D7-BA97-D4646A9DC227}.Debug|Any CPU.ActiveCfg = Debug|Any CPU
		{2C8EF700-DB89-41D7-BA97-D4646A9DC227}.Debug|Any CPU.Build.0 = Debug|Any CPU
		{2C8EF700-DB89-41D7-BA97-D4646A9DC227}.Release|Any CPU.ActiveCfg = Release|Any CPU
		{2C8EF700-DB89-41D7-BA97-D4646A9DC227}.Release|Any CPU.Build.0 = Release|Any CPU
		{A866489F-79E7-41C4-968D-01A38BA234C4}.Debug|Any CPU.ActiveCfg = Debug|Any CPU
		{A866489F-79E7-41C4-968D-01A38BA234C4}.Debug|Any CPU.Build.0 = Debug|Any CPU
		{A866489F-79E7-41C4-968D-01A38BA234C4}.Release|Any CPU.ActiveCfg = Release|Any CPU
		{A866489F-79E7-41C4-968D-01A38BA234C4}.Release|Any CPU.Build.0 = Release|Any CPU
		{4D31E161-541E-4977-958E-8C818B3C6EAF}.Debug|Any CPU.ActiveCfg = Debug|Any CPU
		{4D31E161-541E-4977-958E-8C818B3C6EAF}.Debug|Any CPU.Build.0 = Debug|Any CPU
		{4D31E161-541E-4977-958E-8C818B3C6EAF}.Release|Any CPU.ActiveCfg = Release|Any CPU
		{4D31E161-541E-4977-958E-8C818B3C6EAF}.Release|Any CPU.Build.0 = Release|Any CPU
	EndGlobalSection
	GlobalSection(SolutionProperties) = preSolution
		HideSolutionNode = FALSE
	EndGlobalSection
EndGlobal
