
Microsoft Visual Studio Solution File, Format Version 12.00
# Visual Studio 14
VisualStudioVersion = 14.0.25123.0
MinimumVisualStudioVersion = 10.0.40219.1
Project("{FAE04EC0-301F-11D3-BF4B-00C04F79EFBC}") = "CM.SelfHost", "CM.SelfHost\CM.SelfHost.csproj", "{A52CCEDD-738C-4EA1-B5B8-EF456183E8E7}"
EndProject
Project("{FAE04EC0-301F-11D3-BF4B-00C04F79EFBC}") = "CM.API", "CM.API\CM.API.csproj", "{3D68C50A-C891-4BFD-B986-0AACF886B4DB}"
EndProject
Project("{FAE04EC0-301F-11D3-BF4B-00C04F79EFBC}") = "CM.OwinSelfHost", "CM.OwinSelfHost\CM.OwinSelfHost.csproj", "{FA976A72-D09D-4A31-AFA2-F73CBB0E24C7}"
EndProject
Project("{FAE04EC0-301F-11D3-BF4B-00C04F79EFBC}") = "CM.ApiArea", "CM.ApiArea\CM.ApiArea.csproj", "{DE17B8B1-B5CC-496A-B27A-69316EB25C15}"
EndProject
Project("{FAE04EC0-301F-11D3-BF4B-00C04F79EFBC}") = "CM.WebApi", "CM.WebApi\CM.WebApi.csproj", "{60FE77D8-F736-4037-8D3D-FBB34FF31D21}"
EndProject
Project("{FAE04EC0-301F-11D3-BF4B-00C04F79EFBC}") = "CM.NancyWeb.Nancy-Asp", "CM.NancyWeb\CM.NancyWeb.Nancy-Asp.csproj", "{7C48D06D-FAB1-43AC-83FB-24ECC007E540}"
EndProject
Project("{FAE04EC0-301F-11D3-BF4B-00C04F79EFBC}") = "CM.NancyWeb.Nancy-Owin", "CM.OwinNancyApi\CM.NancyWeb.Nancy-Owin.csproj", "{94C5B3E2-76CD-415E-98CF-297B8567A00F}"
EndProject
Project("{2150E333-8FDC-42A3-9474-1A3956D46DE8}") = "API", "API", "{BC6B92AF-8233-4D9E-BB25-00D0D5A23D62}"
EndProject
Project("{2150E333-8FDC-42A3-9474-1A3956D46DE8}") = "asp.net网站承载ApiandAreaApi", "asp.net网站承载ApiandAreaApi", "{B605DED1-97D6-4010-A4EA-2E96A056B2DC}"
EndProject
Project("{2150E333-8FDC-42A3-9474-1A3956D46DE8}") = "测试承载Nancy", "测试承载Nancy", "{20116273-6917-46F1-A766-08AB9886A2BA}"
EndProject
Project("{2150E333-8FDC-42A3-9474-1A3956D46DE8}") = "测试承载单独API", "测试承载单独API", "{639437F3-9031-4D5E-BF77-1662A85A4C68}"
EndProject
Project("{FAE04EC0-301F-11D3-BF4B-00C04F79EFBC}") = "CM.NancyWeb.Nancy-Host", "CM.NancyDemo\CM.NancyWeb.Nancy-Host.csproj", "{5496386E-55F5-4972-ABB0-07FD26045EF8}"
EndProject
Project("{2150E333-8FDC-42A3-9474-1A3956D46DE8}") = "Owin测试承载AreaApi(目前没有研究出结论)", "Owin测试承载AreaApi(目前没有研究出结论)", "{302DB3D8-9877-4472-875B-060BE23832FB}"
EndProject
Project("{2150E333-8FDC-42A3-9474-1A3956D46DE8}") = "NancyWeb网站文件映射", "NancyWeb网站文件映射", "{7121F5B1-5C43-4C56-93A3-35C20DD67306}"
EndProject
Project("{FAE04EC0-301F-11D3-BF4B-00C04F79EFBC}") = "CM.NancyWeb文件映射", "CM.Nancy测试文件映射\CM.NancyWeb文件映射.csproj", "{53CEDD82-7559-4EBC-8031-6CFCC382DBB1}"
EndProject
Project("{FAE04EC0-301F-11D3-BF4B-00C04F79EFBC}") = "CM.NancyWeb文件映射承载", "CM.NancyWeb文件映射承载\CM.NancyWeb文件映射承载.csproj", "{32FE3718-D7D7-48D2-A598-156ACBF40236}"
EndProject
Project("{2150E333-8FDC-42A3-9474-1A3956D46DE8}") = "插件注册", "插件注册", "{9597DBB4-636B-492F-B2FF-CBEAB699920A}"
EndProject
Project("{FAE04EC0-301F-11D3-BF4B-00C04F79EFBC}") = "ConsoleHosting", "ConsoleHosting\ConsoleHosting.csproj", "{5BEE2AD4-AA25-4128-8366-894658A28CCA}"
EndProject
Project("{FAE04EC0-301F-11D3-BF4B-00C04F79EFBC}") = "Common.Task", "Common.Task\Common.Task.csproj", "{D11E6AC3-411E-476D-8051-E9E0B11C63F3}"
EndProject
Project("{FAE04EC0-301F-11D3-BF4B-00C04F79EFBC}") = "Web.Task", "Web.Task\Web.Task.csproj", "{FE8A5D0A-B44D-4E2D-A144-C21A68223B29}"
EndProject
Project("{2150E333-8FDC-42A3-9474-1A3956D46DE8}") = "Owin承载，并支持虚拟目录", "Owin承载，并支持虚拟目录", "{99A39ADC-894D-4F0F-8198-D2D8EF8F3D03}"
EndProject
Project("{FAE04EC0-301F-11D3-BF4B-00C04F79EFBC}") = "Common.Work", "Common.Work\Common.Work.csproj", "{3AF52405-DF12-43BC-9490-D819E6B028FD}"
EndProject
Project("{FAE04EC0-301F-11D3-BF4B-00C04F79EFBC}") = "Common.ConsoleCarrier", "Common.ConsoleCarrier\Common.ConsoleCarrier.csproj", "{1A724681-143E-40CF-AF31-19584608251F}"
EndProject
Project("{FAE04EC0-301F-11D3-BF4B-00C04F79EFBC}") = "Common.Web", "Common.Web\Common.Web.csproj", "{6B36E768-0A71-408D-AEDC-26A14C6D3B0F}"
EndProject
Project("{FAE04EC0-301F-11D3-BF4B-00C04F79EFBC}") = "Common.Command", "Common.Command\Common.Command.csproj", "{63EC83AF-9E38-415E-B5F3-AAF1D96625F3}"
EndProject
Global
	GlobalSection(SolutionConfigurationPlatforms) = preSolution
		Debug|Any CPU = Debug|Any CPU
		Release|Any CPU = Release|Any CPU
	EndGlobalSection
	GlobalSection(ProjectConfigurationPlatforms) = postSolution
		{A52CCEDD-738C-4EA1-B5B8-EF456183E8E7}.Debug|Any CPU.ActiveCfg = Debug|Any CPU
		{A52CCEDD-738C-4EA1-B5B8-EF456183E8E7}.Debug|Any CPU.Build.0 = Debug|Any CPU
		{A52CCEDD-738C-4EA1-B5B8-EF456183E8E7}.Release|Any CPU.ActiveCfg = Release|Any CPU
		{A52CCEDD-738C-4EA1-B5B8-EF456183E8E7}.Release|Any CPU.Build.0 = Release|Any CPU
		{3D68C50A-C891-4BFD-B986-0AACF886B4DB}.Debug|Any CPU.ActiveCfg = Debug|Any CPU
		{3D68C50A-C891-4BFD-B986-0AACF886B4DB}.Debug|Any CPU.Build.0 = Debug|Any CPU
		{3D68C50A-C891-4BFD-B986-0AACF886B4DB}.Release|Any CPU.ActiveCfg = Release|Any CPU
		{3D68C50A-C891-4BFD-B986-0AACF886B4DB}.Release|Any CPU.Build.0 = Release|Any CPU
		{FA976A72-D09D-4A31-AFA2-F73CBB0E24C7}.Debug|Any CPU.ActiveCfg = Debug|Any CPU
		{FA976A72-D09D-4A31-AFA2-F73CBB0E24C7}.Debug|Any CPU.Build.0 = Debug|Any CPU
		{FA976A72-D09D-4A31-AFA2-F73CBB0E24C7}.Release|Any CPU.ActiveCfg = Release|Any CPU
		{FA976A72-D09D-4A31-AFA2-F73CBB0E24C7}.Release|Any CPU.Build.0 = Release|Any CPU
		{DE17B8B1-B5CC-496A-B27A-69316EB25C15}.Debug|Any CPU.ActiveCfg = Debug|Any CPU
		{DE17B8B1-B5CC-496A-B27A-69316EB25C15}.Debug|Any CPU.Build.0 = Debug|Any CPU
		{DE17B8B1-B5CC-496A-B27A-69316EB25C15}.Release|Any CPU.ActiveCfg = Release|Any CPU
		{DE17B8B1-B5CC-496A-B27A-69316EB25C15}.Release|Any CPU.Build.0 = Release|Any CPU
		{60FE77D8-F736-4037-8D3D-FBB34FF31D21}.Debug|Any CPU.ActiveCfg = Debug|Any CPU
		{60FE77D8-F736-4037-8D3D-FBB34FF31D21}.Debug|Any CPU.Build.0 = Debug|Any CPU
		{60FE77D8-F736-4037-8D3D-FBB34FF31D21}.Release|Any CPU.ActiveCfg = Release|Any CPU
		{60FE77D8-F736-4037-8D3D-FBB34FF31D21}.Release|Any CPU.Build.0 = Release|Any CPU
		{7C48D06D-FAB1-43AC-83FB-24ECC007E540}.Debug|Any CPU.ActiveCfg = Debug|Any CPU
		{7C48D06D-FAB1-43AC-83FB-24ECC007E540}.Debug|Any CPU.Build.0 = Debug|Any CPU
		{7C48D06D-FAB1-43AC-83FB-24ECC007E540}.Release|Any CPU.ActiveCfg = Release|Any CPU
		{7C48D06D-FAB1-43AC-83FB-24ECC007E540}.Release|Any CPU.Build.0 = Release|Any CPU
		{94C5B3E2-76CD-415E-98CF-297B8567A00F}.Debug|Any CPU.ActiveCfg = Debug|Any CPU
		{94C5B3E2-76CD-415E-98CF-297B8567A00F}.Debug|Any CPU.Build.0 = Debug|Any CPU
		{94C5B3E2-76CD-415E-98CF-297B8567A00F}.Release|Any CPU.ActiveCfg = Release|Any CPU
		{94C5B3E2-76CD-415E-98CF-297B8567A00F}.Release|Any CPU.Build.0 = Release|Any CPU
		{5496386E-55F5-4972-ABB0-07FD26045EF8}.Debug|Any CPU.ActiveCfg = Debug|Any CPU
		{5496386E-55F5-4972-ABB0-07FD26045EF8}.Debug|Any CPU.Build.0 = Debug|Any CPU
		{5496386E-55F5-4972-ABB0-07FD26045EF8}.Release|Any CPU.ActiveCfg = Release|Any CPU
		{5496386E-55F5-4972-ABB0-07FD26045EF8}.Release|Any CPU.Build.0 = Release|Any CPU
		{53CEDD82-7559-4EBC-8031-6CFCC382DBB1}.Debug|Any CPU.ActiveCfg = Debug|Any CPU
		{53CEDD82-7559-4EBC-8031-6CFCC382DBB1}.Debug|Any CPU.Build.0 = Debug|Any CPU
		{53CEDD82-7559-4EBC-8031-6CFCC382DBB1}.Release|Any CPU.ActiveCfg = Release|Any CPU
		{53CEDD82-7559-4EBC-8031-6CFCC382DBB1}.Release|Any CPU.Build.0 = Release|Any CPU
		{32FE3718-D7D7-48D2-A598-156ACBF40236}.Debug|Any CPU.ActiveCfg = Debug|Any CPU
		{32FE3718-D7D7-48D2-A598-156ACBF40236}.Debug|Any CPU.Build.0 = Debug|Any CPU
		{32FE3718-D7D7-48D2-A598-156ACBF40236}.Release|Any CPU.ActiveCfg = Release|Any CPU
		{32FE3718-D7D7-48D2-A598-156ACBF40236}.Release|Any CPU.Build.0 = Release|Any CPU
		{5BEE2AD4-AA25-4128-8366-894658A28CCA}.Debug|Any CPU.ActiveCfg = Debug|Any CPU
		{5BEE2AD4-AA25-4128-8366-894658A28CCA}.Debug|Any CPU.Build.0 = Debug|Any CPU
		{5BEE2AD4-AA25-4128-8366-894658A28CCA}.Release|Any CPU.ActiveCfg = Release|Any CPU
		{5BEE2AD4-AA25-4128-8366-894658A28CCA}.Release|Any CPU.Build.0 = Release|Any CPU
		{D11E6AC3-411E-476D-8051-E9E0B11C63F3}.Debug|Any CPU.ActiveCfg = Debug|Any CPU
		{D11E6AC3-411E-476D-8051-E9E0B11C63F3}.Debug|Any CPU.Build.0 = Debug|Any CPU
		{D11E6AC3-411E-476D-8051-E9E0B11C63F3}.Release|Any CPU.ActiveCfg = Release|Any CPU
		{D11E6AC3-411E-476D-8051-E9E0B11C63F3}.Release|Any CPU.Build.0 = Release|Any CPU
		{FE8A5D0A-B44D-4E2D-A144-C21A68223B29}.Debug|Any CPU.ActiveCfg = Debug|Any CPU
		{FE8A5D0A-B44D-4E2D-A144-C21A68223B29}.Debug|Any CPU.Build.0 = Debug|Any CPU
		{FE8A5D0A-B44D-4E2D-A144-C21A68223B29}.Release|Any CPU.ActiveCfg = Release|Any CPU
		{FE8A5D0A-B44D-4E2D-A144-C21A68223B29}.Release|Any CPU.Build.0 = Release|Any CPU
		{3AF52405-DF12-43BC-9490-D819E6B028FD}.Debug|Any CPU.ActiveCfg = Debug|Any CPU
		{3AF52405-DF12-43BC-9490-D819E6B028FD}.Debug|Any CPU.Build.0 = Debug|Any CPU
		{3AF52405-DF12-43BC-9490-D819E6B028FD}.Release|Any CPU.ActiveCfg = Release|Any CPU
		{3AF52405-DF12-43BC-9490-D819E6B028FD}.Release|Any CPU.Build.0 = Release|Any CPU
		{1A724681-143E-40CF-AF31-19584608251F}.Debug|Any CPU.ActiveCfg = Debug|Any CPU
		{1A724681-143E-40CF-AF31-19584608251F}.Debug|Any CPU.Build.0 = Debug|Any CPU
		{1A724681-143E-40CF-AF31-19584608251F}.Release|Any CPU.ActiveCfg = Release|Any CPU
		{1A724681-143E-40CF-AF31-19584608251F}.Release|Any CPU.Build.0 = Release|Any CPU
		{6B36E768-0A71-408D-AEDC-26A14C6D3B0F}.Debug|Any CPU.ActiveCfg = Debug|Any CPU
		{6B36E768-0A71-408D-AEDC-26A14C6D3B0F}.Debug|Any CPU.Build.0 = Debug|Any CPU
		{6B36E768-0A71-408D-AEDC-26A14C6D3B0F}.Release|Any CPU.ActiveCfg = Release|Any CPU
		{6B36E768-0A71-408D-AEDC-26A14C6D3B0F}.Release|Any CPU.Build.0 = Release|Any CPU
		{63EC83AF-9E38-415E-B5F3-AAF1D96625F3}.Debug|Any CPU.ActiveCfg = Debug|Any CPU
		{63EC83AF-9E38-415E-B5F3-AAF1D96625F3}.Debug|Any CPU.Build.0 = Debug|Any CPU
		{63EC83AF-9E38-415E-B5F3-AAF1D96625F3}.Release|Any CPU.ActiveCfg = Release|Any CPU
		{63EC83AF-9E38-415E-B5F3-AAF1D96625F3}.Release|Any CPU.Build.0 = Release|Any CPU
	EndGlobalSection
	GlobalSection(SolutionProperties) = preSolution
		HideSolutionNode = FALSE
	EndGlobalSection
	GlobalSection(NestedProjects) = preSolution
		{A52CCEDD-738C-4EA1-B5B8-EF456183E8E7} = {639437F3-9031-4D5E-BF77-1662A85A4C68}
		{3D68C50A-C891-4BFD-B986-0AACF886B4DB} = {BC6B92AF-8233-4D9E-BB25-00D0D5A23D62}
		{FA976A72-D09D-4A31-AFA2-F73CBB0E24C7} = {639437F3-9031-4D5E-BF77-1662A85A4C68}
		{DE17B8B1-B5CC-496A-B27A-69316EB25C15} = {BC6B92AF-8233-4D9E-BB25-00D0D5A23D62}
		{60FE77D8-F736-4037-8D3D-FBB34FF31D21} = {B605DED1-97D6-4010-A4EA-2E96A056B2DC}
		{7C48D06D-FAB1-43AC-83FB-24ECC007E540} = {20116273-6917-46F1-A766-08AB9886A2BA}
		{94C5B3E2-76CD-415E-98CF-297B8567A00F} = {20116273-6917-46F1-A766-08AB9886A2BA}
		{5496386E-55F5-4972-ABB0-07FD26045EF8} = {20116273-6917-46F1-A766-08AB9886A2BA}
		{53CEDD82-7559-4EBC-8031-6CFCC382DBB1} = {7121F5B1-5C43-4C56-93A3-35C20DD67306}
		{32FE3718-D7D7-48D2-A598-156ACBF40236} = {7121F5B1-5C43-4C56-93A3-35C20DD67306}
		{5BEE2AD4-AA25-4128-8366-894658A28CCA} = {9597DBB4-636B-492F-B2FF-CBEAB699920A}
		{D11E6AC3-411E-476D-8051-E9E0B11C63F3} = {9597DBB4-636B-492F-B2FF-CBEAB699920A}
		{FE8A5D0A-B44D-4E2D-A144-C21A68223B29} = {9597DBB4-636B-492F-B2FF-CBEAB699920A}
		{3AF52405-DF12-43BC-9490-D819E6B028FD} = {99A39ADC-894D-4F0F-8198-D2D8EF8F3D03}
		{1A724681-143E-40CF-AF31-19584608251F} = {99A39ADC-894D-4F0F-8198-D2D8EF8F3D03}
		{6B36E768-0A71-408D-AEDC-26A14C6D3B0F} = {99A39ADC-894D-4F0F-8198-D2D8EF8F3D03}
		{63EC83AF-9E38-415E-B5F3-AAF1D96625F3} = {99A39ADC-894D-4F0F-8198-D2D8EF8F3D03}
	EndGlobalSection
EndGlobal
